
Microsoft Visual Studio Solution File, Format Version 12.00
# Visual Studio 15
VisualStudioVersion = 15.0.28307.271
MinimumVisualStudioVersion = 10.0.40219.1
Project("{8BC9CEB8-8B4A-11D0-8D11-00A0C91BC942}") = "Network101", "Network101.vcxproj", "{115D02CB-3A4D-4FA6-BC43-224B9E782AAC}"
EndProject
Global
	GlobalSection(SolutionConfigurationPlatforms) = preSolution
		Debug|x64 = Debug|x64
		Debug|x86 = Debug|x86
		Release|x64 = Release|x64
		Release|x86 = Release|x86
	EndGlobalSection
	GlobalSection(ProjectConfigurationPlatforms) = postSolution
		{115D02CB-3A4D-4FA6-BC43-224B9E782AAC}.Debug|x64.ActiveCfg = Debug|x64
		{115D02CB-3A4D-4FA6-BC43-224B9E782AAC}.Debug|x64.Build.0 = Debug|x64
		{115D02CB-3A4D-4FA6-BC43-224B9E782AAC}.Debug|x86.ActiveCfg = Debug|Win32
		{115D02CB-3A4D-4FA6-BC43-224B9E782AAC}.Debug|x86.Build.0 = Debug|Win32
		{115D02CB-3A4D-4FA6-BC43-224B9E782AAC}.Release|x64.ActiveCfg = Release|x64
		{115D02CB-3A4D-4FA6-BC43-224B9E782AAC}.Release|x64.Build.0 = Release|x64
		{115D02CB-3A4D-4FA6-BC43-224B9E782AAC}.Release|x86.ActiveCfg = Release|Win32
		{115D02CB-3A4D-4FA6-BC43-224B9E782AAC}.Release|x86.Build.0 = Release|Win32
	EndGlobalSection
	GlobalSection(SolutionProperties) = preSolution
		HideSolutionNode = FALSE
	EndGlobalSection
	GlobalSection(ExtensibilityGlobals) = postSolution
		SolutionGuid = {5ADA5699-9CA5-4021-8530-26BF3D689C9D}
	EndGlobalSection
EndGlobal
